
Microsoft Visual Studio Solution File, Format Version 12.00
# Visual Studio 14
VisualStudioVersion = 14.0.25420.1
MinimumVisualStudioVersion = 10.0.40219.1
Project("{F184B08F-C81C-45F6-A57F-5ABD9991F28F}") = "Mims_Christy Car Repair", "Mims_Christy Car Repair\Mims_Christy Car Repair.vbproj", "{A7C43A6A-A432-4D67-839F-92EABF837E9B}"
EndProject
Global
	GlobalSection(SolutionConfigurationPlatforms) = preSolution
		Debug|Any CPU = Debug|Any CPU
		Release|Any CPU = Release|Any CPU
	EndGlobalSection
	GlobalSection(ProjectConfigurationPlatforms) = postSolution
		{A7C43A6A-A432-4D67-839F-92EABF837E9B}.Debug|Any CPU.ActiveCfg = Debug|Any CPU
		{A7C43A6A-A432-4D67-839F-92EABF837E9B}.Debug|Any CPU.Build.0 = Debug|Any CPU
		{A7C43A6A-A432-4D67-839F-92EABF837E9B}.Release|Any CPU.ActiveCfg = Release|Any CPU
		{A7C43A6A-A432-4D67-839F-92EABF837E9B}.Release|Any CPU.Build.0 = Release|Any CPU
	EndGlobalSection
	GlobalSection(SolutionProperties) = preSolution
		HideSolutionNode = FALSE
	EndGlobalSection
EndGlobal
